<?xml version="1.0" encoding="utf-8"?>
<Project ToolsVersion="4.0" xmlns="http://schemas.microsoft.com/developer/msbuild/2003">
  <ItemGroup>
    <Filter Include="Header Files">
      <UniqueIdentifier>{93995380-89BD-4b04-88EB-625FBE52EBFB}</UniqueIdentifier>
      <Extensions>h;hh;hpp;hxx;hm;inl;inc;xsd</Extensions>
    </Filter>
    <Filter Include="Resource Files">
      <UniqueIdentifier>{67DA6AB6-F800-4c08-8B7A-83BB121AAD01}</UniqueIdentifier>
      <Extensions>rc;ico;cur;bmp;dlg;rc2;rct;bin;rgs;gif;jpg;jpeg;jpe;resx;tiff;tif;png;wav;mfcribbon-ms</Extensions>
    </Filter>
    <Filter Include="Header Files\Map">
      <UniqueIdentifier>{0764ff86-e192-4df4-b9a8-513d78bf93ba}</UniqueIdentifier>
    </Filter>
    <Filter Include="Resource Files\Map">
      <UniqueIdentifier>{174e937a-073c-441b-8ffd-d21f8fa00eb0}</UniqueIdentifier>
    </Filter>
    <Filter Include="Header Files\Game">
      <UniqueIdentifier>{70da3cd8-ded0-45e5-9031-0cde210ff750}</UniqueIdentifier>
    </Filter>
    <Filter Include="Header Files\Player">
      <UniqueIdentifier>{ebd8921f-0dc1-476d-9d77-bb664e65eb0b}</UniqueIdentifier>
    </Filter>
    <Filter Include="Resource Files\Player">
      <UniqueIdentifier>{4e4593ab-4d0d-40e0-b526-fd0218064eb0}</UniqueIdentifier>
    </Filter>
    <Filter Include="Resource Files\Game">
      <UniqueIdentifier>{02321e4d-4ecf-4076-8b5e-046896ee4c53}</UniqueIdentifier>
    </Filter>
    <Filter Include="Resource Files\----Data----">
      <UniqueIdentifier>{5bebaf90-9a09-4132-a7d4-84b275fa4d6a}</UniqueIdentifier>
    </Filter>
    <Filter Include="Header Files\Items">
      <UniqueIdentifier>{1bbf6800-89b7-467d-9be4-b1f9a6feb174}</UniqueIdentifier>
    </Filter>
    <Filter Include="Header Files\Items\Weapons">
      <UniqueIdentifier>{f4dabffc-59b8-4880-91b3-accfa1c4ecd6}</UniqueIdentifier>
    </Filter>
    <Filter Include="Header Files\Items\Armors">
      <UniqueIdentifier>{1badf4fb-433c-4824-9d81-7b0efda48f72}</UniqueIdentifier>
    </Filter>
    <Filter Include="Header Files\Items\Consumables">
      <UniqueIdentifier>{12f855c7-b773-410a-ac3e-740dcf9daf13}</UniqueIdentifier>
    </Filter>
    <Filter Include="Resource Files\Items">
      <UniqueIdentifier>{2caf42f1-1f2a-4dba-99c0-ccb94c577d23}</UniqueIdentifier>
    </Filter>
    <Filter Include="Resource Files\Items\Consumables">
      <UniqueIdentifier>{548c5660-fad8-4a27-ac3b-fbef83b2e0f6}</UniqueIdentifier>
    </Filter>
    <Filter Include="Resource Files\Items\Weapons">
      <UniqueIdentifier>{83509db6-57be-465b-aef2-847aa453bc13}</UniqueIdentifier>
    </Filter>
    <Filter Include="Resource Files\Items\Armours">
      <UniqueIdentifier>{39c17b56-3d8d-4a66-86e1-914cdbaad165}</UniqueIdentifier>
    </Filter>
    <Filter Include="Header Files\Interface">
      <UniqueIdentifier>{3f518d5e-28aa-48f9-be8e-30068fc58344}</UniqueIdentifier>
    </Filter>
    <Filter Include="Resource Files\Interface">
      <UniqueIdentifier>{5a09ee24-e096-4e65-9e59-8f52c2ef971e}</UniqueIdentifier>
    </Filter>
    <Filter Include="Resource Files\----Data----\Resources">
      <UniqueIdentifier>{3bab353e-8e56-44e4-a056-f69ba52adb58}</UniqueIdentifier>
    </Filter>
    <Filter Include="Header Files\----Data----">
      <UniqueIdentifier>{9f76e049-59bf-409e-b033-083020da10b6}</UniqueIdentifier>
    </Filter>
    <Filter Include="Resource Files\----Data----\Resources\Interfaces">
      <UniqueIdentifier>{8f5b12ee-c8ca-41e3-95d0-e60225659c04}</UniqueIdentifier>
    </Filter>
    <Filter Include="Header Files\Enemy">
      <UniqueIdentifier>{0286a30a-a81c-4863-8de3-fb5470a372a8}</UniqueIdentifier>
    </Filter>
    <Filter Include="Resource Files\Enemy">
      <UniqueIdentifier>{17a26496-1b7d-43e5-8f20-a25f2c57c34c}</UniqueIdentifier>
    </Filter>
    <Filter Include="Resource Files\DevMode">
      <UniqueIdentifier>{b70f84a9-1cb8-479d-831c-130a50b17519}</UniqueIdentifier>
    </Filter>
    <Filter Include="Header Files\DevMode">
      <UniqueIdentifier>{90381106-0bb6-41b6-867f-408d7d1f41eb}</UniqueIdentifier>
    </Filter>
    <Filter Include="Header Files\Error handling">
      <UniqueIdentifier>{b13228f5-89bc-4f9e-864b-71015f57895b}</UniqueIdentifier>
    </Filter>
    <Filter Include="Resource Files\Error Handling">
      <UniqueIdentifier>{6ab88262-5392-4510-939e-cb5447774cf3}</UniqueIdentifier>
    </Filter>
    <Filter Include="Resource Files\ResManage">
      <UniqueIdentifier>{a9214e64-6ab3-415a-ae34-afa5dd73b836}</UniqueIdentifier>
    </Filter>
    <Filter Include="Header Files\ResManage">
      <UniqueIdentifier>{4933573c-bce1-4a11-ab51-89811e553a0d}</UniqueIdentifier>
    </Filter>
  </ItemGroup>
  <ItemGroup>
    <ClCompile Include="main.cpp">
      <Filter>Resource Files</Filter>
    </ClCompile>
    <ClCompile Include="Game\Game.cpp">
      <Filter>Resource Files\Game</Filter>
    </ClCompile>
    <ClCompile Include="Map\Map.cpp">
      <Filter>Resource Files\Map</Filter>
    </ClCompile>
    <ClCompile Include="Player\Player.cpp">
      <Filter>Resource Files\Player</Filter>
    </ClCompile>
    <ClCompile Include="Items\Item.cpp">
      <Filter>Resource Files\Items</Filter>
    </ClCompile>
    <ClCompile Include="Items\Weapons\Weapon.cpp">
      <Filter>Resource Files\Items\Weapons</Filter>
    </ClCompile>
    <ClCompile Include="Interface\GameWindowInterface.cpp">
      <Filter>Resource Files\Interface</Filter>
    </ClCompile>
    <ClCompile Include="LoadFromResource.cpp">
      <Filter>Resource Files</Filter>
    </ClCompile>
    <ClCompile Include="Interface\StatusWindow.cpp">
      <Filter>Resource Files\Interface</Filter>
    </ClCompile>
    <ClCompile Include="Interface\InventoryWindow.cpp">
      <Filter>Resource Files\Interface</Filter>
    </ClCompile>
    <ClCompile Include="Items\Armours\Armour.cpp">
      <Filter>Resource Files\Items\Armours</Filter>
    </ClCompile>
    <ClCompile Include="Enemy\Enemy.cpp">
      <Filter>Resource Files\Enemy</Filter>
    </ClCompile>
    <ClCompile Include="DevMode\DevMode.cpp">
      <Filter>Resource Files\DevMode</Filter>
    </ClCompile>
    <ClCompile Include="Errors\ErrorHandler.cpp">
      <Filter>Resource Files\Error Handling</Filter>
    </ClCompile>
    <ClCompile Include="ResourceManagment\ResourcesHolder.cpp">
      <Filter>Resource Files\ResManage</Filter>
    </ClCompile>
    <ClCompile Include="ResourceManagment\ResourcesLoader.cpp">
      <Filter>Resource Files\ResManage</Filter>
    </ClCompile>
    <ClCompile Include="Map\MapLoader.cpp">
      <Filter>Resource Files\ResManage</Filter>
    </ClCompile>
    <ClCompile Include="Items\Weapons\WeaponsLoader.cpp">
      <Filter>Resource Files\ResManage</Filter>
    </ClCompile>
    <ClCompile Include="Items\Armours\ArmoursLoader.cpp">
      <Filter>Resource Files\ResManage</Filter>
    </ClCompile>
    <ClCompile Include="Enemy\EnemiesLoader.cpp">
      <Filter>Resource Files\ResManage</Filter>
    </ClCompile>
    <ClCompile Include="Game\GameState.cpp">
      <Filter>Resource Files\Game</Filter>
    </ClCompile>
    <ClCompile Include="StatsCalculations.cpp">
      <Filter>Resource Files</Filter>
    </ClCompile>
  </ItemGroup>
  <ItemGroup>
    <ClInclude Include="Game\Game.h">
      <Filter>Header Files\Game</Filter>
    </ClInclude>
    <ClInclude Include="Map\Map.h">
      <Filter>Header Files\Map</Filter>
    </ClInclude>
    <ClInclude Include="Player\Player.h">
      <Filter>Header Files\Player</Filter>
    </ClInclude>
    <ClInclude Include="Items\Item.h">
      <Filter>Header Files\Items</Filter>
    </ClInclude>
    <ClInclude Include="Items\Weapons\Weapon.h">
      <Filter>Header Files\Items\Weapons</Filter>
    </ClInclude>
    <ClInclude Include="Interface\GameWindowInterface.h">
      <Filter>Header Files\Interface</Filter>
    </ClInclude>
    <ClInclude Include="LoadFromResource.h">
      <Filter>Header Files\----Data----</Filter>
    </ClInclude>
    <ClInclude Include="StructsEnums.h">
      <Filter>Header Files\----Data----</Filter>
    </ClInclude>
    <ClInclude Include="UIResource.h">
      <Filter>Header Files\----Data----</Filter>
    </ClInclude>
    <ClInclude Include="Interface\InventoryWindow.h">
      <Filter>Header Files\Interface</Filter>
    </ClInclude>
    <ClInclude Include="Interface\StatusWindow.h">
      <Filter>Header Files\Interface</Filter>
    </ClInclude>
    <ClInclude Include="Items\Armours\Armour.h">
      <Filter>Header Files\Items\Armors</Filter>
    </ClInclude>
    <ClInclude Include="Enemy\Enemy.h">
      <Filter>Header Files\Enemy</Filter>
    </ClInclude>
    <ClInclude Include="DevMode\DevMode.h">
      <Filter>Header Files\DevMode</Filter>
    </ClInclude>
    <ClInclude Include="Errors\ErrorHandler.h">
      <Filter>Header Files\Error handling</Filter>
    </ClInclude>
    <ClInclude Include="ResourceManagment\ResourcesHolder.h">
      <Filter>Header Files\ResManage</Filter>
    </ClInclude>
    <ClInclude Include="ResourceManagment\ResourcesLoader.h">
      <Filter>Header Files\ResManage</Filter>
    </ClInclude>
    <ClInclude Include="Enemy\EnemiesLoader.h">
      <Filter>Header Files\ResManage</Filter>
    </ClInclude>
    <ClInclude Include="Items\Armours\ArmoursLoader.h">
      <Filter>Header Files\ResManage</Filter>
    </ClInclude>
    <ClInclude Include="Items\Weapons\WeaponsLoader.h">
      <Filter>Header Files\ResManage</Filter>
    </ClInclude>
    <ClInclude Include="Map\MapLoader.h">
      <Filter>Header Files\ResManage</Filter>
    </ClInclude>
    <ClInclude Include="Game\GameState.h">
      <Filter>Header Files\Game</Filter>
    </ClInclude>
    <ClInclude Include="StatsCalculations.h">
      <Filter>Header Files\----Data----</Filter>
    </ClInclude>
  </ItemGroup>
  <ItemGroup>
    <Text Include="..\changelog.txt" />
    <Text Include="data\map.txt">
      <Filter>Resource Files\----Data----</Filter>
    </Text>
    <Text Include="data\weapons.txt">
      <Filter>Resource Files\----Data----</Filter>
    </Text>
    <Text Include="data\consumables.txt">
      <Filter>Resource Files\----Data----</Filter>
    </Text>
    <Text Include="data\enemies.txt">
      <Filter>Resource Files\----Data----</Filter>
    </Text>
    <Text Include="data\armours.txt">
      <Filter>Resource Files\----Data----</Filter>
    </Text>
    <Text Include="Z:\False-prophecy-of-false-hero\progress.txt" />
  </ItemGroup>
  <ItemGroup>
    <None Include="Z:\False-prophecy-of-false-hero\README.md" />
    <None Include="ClassDiagram.cd" />
  </ItemGroup>
  <ItemGroup>
    <Font Include="Resources\arial.ttf">
      <Filter>Resource Files\----Data----\Resources\Interfaces</Filter>
    </Font>
  </ItemGroup>
  <ItemGroup>
    <Image Include="Resources\backtile.png">
      <Filter>Resource Files\----Data----\Resources\Interfaces</Filter>
    </Image>
  </ItemGroup>
  <ItemGroup>
    <ResourceCompile Include="UIResource.rc">
      <Filter>Resource Files\----Data----\Resources\Interfaces</Filter>
    </ResourceCompile>
  </ItemGroup>
</Project>